
Microsoft Visual Studio Solution File, Format Version 12.00
# Visual Studio Version 17
VisualStudioVersion = 17.8.34525.116
MinimumVisualStudioVersion = 10.0.40219.1
Project("{FAE04EC0-301F-11D3-BF4B-00C04F79EFBC}") = "SistemaGerencial", "SistemaGerencial\SistemaGerencial.csproj", "{F4C455F6-9226-4D8D-8BA1-7CBD96E263C0}"
EndProject
Global
	GlobalSection(SolutionConfigurationPlatforms) = preSolution
		Debug|Any CPU = Debug|Any CPU
		Release|Any CPU = Release|Any CPU
	EndGlobalSection
	GlobalSection(ProjectConfigurationPlatforms) = postSolution
		{F4C455F6-9226-4D8D-8BA1-7CBD96E263C0}.Debug|Any CPU.ActiveCfg = Debug|Any CPU
		{F4C455F6-9226-4D8D-8BA1-7CBD96E263C0}.Debug|Any CPU.Build.0 = Debug|Any CPU
		{F4C455F6-9226-4D8D-8BA1-7CBD96E263C0}.Release|Any CPU.ActiveCfg = Release|Any CPU
		{F4C455F6-9226-4D8D-8BA1-7CBD96E263C0}.Release|Any CPU.Build.0 = Release|Any CPU
	EndGlobalSection
	GlobalSection(SolutionProperties) = preSolution
		HideSolutionNode = FALSE
	EndGlobalSection
	GlobalSection(ExtensibilityGlobals) = postSolution
		SolutionGuid = {7C1A1F98-C90E-4371-B41A-CB1D187C0CC1}
	EndGlobalSection
EndGlobal
